
Microsoft Visual Studio Solution File, Format Version 12.00
# Visual Studio Version 17
VisualStudioVersion = 17.0.32112.339
MinimumVisualStudioVersion = 10.0.40219.1
Project("{8BC9CEB8-8B4A-11D0-8D11-00A0C91BC942}") = "hw_4_hard", "hw_4_hard\hw_4_hard.vcxproj", "{5E0BE962-6258-4095-B39F-9546B2844A80}"
EndProject
Global
	GlobalSection(SolutionConfigurationPlatforms) = preSolution
		Debug|x64 = Debug|x64
		Debug|x86 = Debug|x86
		Release|x64 = Release|x64
		Release|x86 = Release|x86
	EndGlobalSection
	GlobalSection(ProjectConfigurationPlatforms) = postSolution
		{5E0BE962-6258-4095-B39F-9546B2844A80}.Debug|x64.ActiveCfg = Debug|x64
		{5E0BE962-6258-4095-B39F-9546B2844A80}.Debug|x64.Build.0 = Debug|x64
		{5E0BE962-6258-4095-B39F-9546B2844A80}.Debug|x86.ActiveCfg = Debug|Win32
		{5E0BE962-6258-4095-B39F-9546B2844A80}.Debug|x86.Build.0 = Debug|Win32
		{5E0BE962-6258-4095-B39F-9546B2844A80}.Release|x64.ActiveCfg = Release|x64
		{5E0BE962-6258-4095-B39F-9546B2844A80}.Release|x64.Build.0 = Release|x64
		{5E0BE962-6258-4095-B39F-9546B2844A80}.Release|x86.ActiveCfg = Release|Win32
		{5E0BE962-6258-4095-B39F-9546B2844A80}.Release|x86.Build.0 = Release|Win32
	EndGlobalSection
	GlobalSection(SolutionProperties) = preSolution
		HideSolutionNode = FALSE
	EndGlobalSection
	GlobalSection(ExtensibilityGlobals) = postSolution
		SolutionGuid = {7BA77F12-8CEC-49F0-9C21-15124E66FB5E}
	EndGlobalSection
EndGlobal
